
Microsoft Visual Studio Solution File, Format Version 12.00
# Visual Studio Version 17
VisualStudioVersion = 17.9.34714.143
MinimumVisualStudioVersion = 10.0.40219.1
Project("{FAE04EC0-301F-11D3-BF4B-00C04F79EFBC}") = "ACA-AirlineCheckinSystem", "ACA-AirlineCheckinSystem\ACA-AirlineCheckinSystem.csproj", "{DEED37FA-F1BD-4CEB-8990-B6B457EB1DD8}"
EndProject
Global
	GlobalSection(SolutionConfigurationPlatforms) = preSolution
		Debug|Any CPU = Debug|Any CPU
		Release|Any CPU = Release|Any CPU
	EndGlobalSection
	GlobalSection(ProjectConfigurationPlatforms) = postSolution
		{DEED37FA-F1BD-4CEB-8990-B6B457EB1DD8}.Debug|Any CPU.ActiveCfg = Debug|Any CPU
		{DEED37FA-F1BD-4CEB-8990-B6B457EB1DD8}.Debug|Any CPU.Build.0 = Debug|Any CPU
		{DEED37FA-F1BD-4CEB-8990-B6B457EB1DD8}.Release|Any CPU.ActiveCfg = Release|Any CPU
		{DEED37FA-F1BD-4CEB-8990-B6B457EB1DD8}.Release|Any CPU.Build.0 = Release|Any CPU
	EndGlobalSection
	GlobalSection(SolutionProperties) = preSolution
		HideSolutionNode = FALSE
	EndGlobalSection
	GlobalSection(ExtensibilityGlobals) = postSolution
		SolutionGuid = {CC239D39-956F-4A18-BBBD-53106EEE55C8}
	EndGlobalSection
EndGlobal
